
Microsoft Visual Studio Solution File, Format Version 12.00
# Visual Studio Version 16
VisualStudioVersion = 16.0.29920.165
MinimumVisualStudioVersion = 10.0.40219.1
Project("{FAE04EC0-301F-11D3-BF4B-00C04F79EFBC}") = "ProyectoApiClinica2", "ProyectoApiClinica2\ProyectoApiClinica2.csproj", "{B943767C-FC32-4523-AC6C-89C2B76B595B}"
EndProject
Global
	GlobalSection(SolutionConfigurationPlatforms) = preSolution
		Debug|Any CPU = Debug|Any CPU
		Release|Any CPU = Release|Any CPU
	EndGlobalSection
	GlobalSection(ProjectConfigurationPlatforms) = postSolution
		{B943767C-FC32-4523-AC6C-89C2B76B595B}.Debug|Any CPU.ActiveCfg = Debug|Any CPU
		{B943767C-FC32-4523-AC6C-89C2B76B595B}.Debug|Any CPU.Build.0 = Debug|Any CPU
		{B943767C-FC32-4523-AC6C-89C2B76B595B}.Release|Any CPU.ActiveCfg = Release|Any CPU
		{B943767C-FC32-4523-AC6C-89C2B76B595B}.Release|Any CPU.Build.0 = Release|Any CPU
	EndGlobalSection
	GlobalSection(SolutionProperties) = preSolution
		HideSolutionNode = FALSE
	EndGlobalSection
	GlobalSection(ExtensibilityGlobals) = postSolution
		SolutionGuid = {AB8FEDC4-3228-4714-B754-18957779A358}
	EndGlobalSection
EndGlobal
